// !$*UTF8*$!
{
	archiveVersion = 1;
	classes = {
	};
	objectVersion = 46;
	objects = {

/* Begin PBXBuildFile section */
		BA42875B1F504E1100D1AED3 /* main.cpp in Sources */ = {isa = PBXBuildFile; fileRef = BA42875A1F504E1100D1AED3 /* main.cpp */; };
		BA4287631F506B8700D1AED3 /* ScannerTest.cc in Sources */ = {isa = PBXBuildFile; fileRef = BA4287621F506B8700D1AED3 /* ScannerTest.cc */; };
		BA4287671F50700A00D1AED3 /* gtest_main.o in Frameworks */ = {isa = PBXBuildFile; fileRef = BA4287661F50700A00D1AED3 /* gtest_main.o */; };
/* End PBXBuildFile section */

/* Begin PBXCopyFilesBuildPhase section */
		BA4287551F504E1100D1AED3 /* CopyFiles */ = {
			isa = PBXCopyFilesBuildPhase;
			buildActionMask = 2147483647;
			dstPath = /usr/share/man/man1/;
			dstSubfolderSpec = 0;
			files = (
			);
			runOnlyForDeploymentPostprocessing = 1;
		};
/* End PBXCopyFilesBuildPhase section */

/* Begin PBXFileReference section */
		BA4287571F504E1100D1AED3 /* Evaluacion1 */ = {isa = PBXFileReference; explicitFileType = "compiled.mach-o.executable"; includeInIndex = 0; path = Evaluacion1; sourceTree = BUILT_PRODUCTS_DIR; };
		BA42875A1F504E1100D1AED3 /* main.cpp */ = {isa = PBXFileReference; lastKnownFileType = sourcecode.cpp.cpp; path = main.cpp; sourceTree = "<group>"; };
		BA4287611F504EA700D1AED3 /* Scanner.h */ = {isa = PBXFileReference; fileEncoding = 4; lastKnownFileType = sourcecode.c.h; path = Scanner.h; sourceTree = "<group>"; };
		BA4287621F506B8700D1AED3 /* ScannerTest.cc */ = {isa = PBXFileReference; fileEncoding = 4; lastKnownFileType = sourcecode.cpp.cpp; path = ScannerTest.cc; sourceTree = "<group>"; };
		BA4287641F506C1D00D1AED3 /* ScannerTest.h */ = {isa = PBXFileReference; lastKnownFileType = sourcecode.c.h; path = ScannerTest.h; sourceTree = "<group>"; };
		BA4287661F50700A00D1AED3 /* gtest_main.o */ = {isa = PBXFileReference; lastKnownFileType = "compiled.mach-o.objfile"; name = gtest_main.o; path = ../../UnitTest/googletest/googletest/make/gtest_main.o; sourceTree = "<group>"; };
/* End PBXFileReference section */

/* Begin PBXFrameworksBuildPhase section */
		BA4287541F504E1100D1AED3 /* Frameworks */ = {
			isa = PBXFrameworksBuildPhase;
			buildActionMask = 2147483647;
			files = (
				BA4287671F50700A00D1AED3 /* gtest_main.o in Frameworks */,
			);
			runOnlyForDeploymentPostprocessing = 0;
		};
/* End PBXFrameworksBuildPhase section */

/* Begin PBXGroup section */
		BA42874E1F504E1100D1AED3 = {
			isa = PBXGroup;
			children = (
				BA4287591F504E1100D1AED3 /* Evaluacion1 */,
				BA4287581F504E1100D1AED3 /* Products */,
				BA4287651F50700A00D1AED3 /* Frameworks */,
			);
			sourceTree = "<group>";
		};
		BA4287581F504E1100D1AED3 /* Products */ = {
			isa = PBXGroup;
			children = (
				BA4287571F504E1100D1AED3 /* Evaluacion1 */,
			);
			name = Products;
			sourceTree = "<group>";
		};
		BA4287591F504E1100D1AED3 /* Evaluacion1 */ = {
			isa = PBXGroup;
			children = (
				BA42875A1F504E1100D1AED3 /* main.cpp */,
				BA4287611F504EA700D1AED3 /* Scanner.h */,
				BA4287621F506B8700D1AED3 /* ScannerTest.cc */,
				BA4287641F506C1D00D1AED3 /* ScannerTest.h */,
			);
			path = Evaluacion1;
			sourceTree = "<group>";
		};
		BA4287651F50700A00D1AED3 /* Frameworks */ = {
			isa = PBXGroup;
			children = (
				BA4287661F50700A00D1AED3 /* gtest_main.o */,
			);
			name = Frameworks;
			sourceTree = "<group>";
		};
/* End PBXGroup section */

/* Begin PBXNativeTarget section */
		BA4287561F504E1100D1AED3 /* Evaluacion1 */ = {
			isa = PBXNativeTarget;
			buildConfigurationList = BA42875E1F504E1100D1AED3 /* Build configuration list for PBXNativeTarget "Evaluacion1" */;
			buildPhases = (
				BA4287531F504E1100D1AED3 /* Sources */,
				BA4287541F504E1100D1AED3 /* Frameworks */,
				BA4287551F504E1100D1AED3 /* CopyFiles */,
			);
			buildRules = (
			);
			dependencies = (
			);
			name = Evaluacion1;
			productName = Evaluacion1;
			productReference = BA4287571F504E1100D1AED3 /* Evaluacion1 */;
			productType = "com.apple.product-type.tool";
		};
/* End PBXNativeTarget section */

/* Begin PBXProject section */
		BA42874F1F504E1100D1AED3 /* Project object */ = {
			isa = PBXProject;
			attributes = {
				LastUpgradeCheck = 0830;
				ORGANIZATIONNAME = ealex_mondrat;
				TargetAttributes = {
					BA4287561F504E1100D1AED3 = {
						CreatedOnToolsVersion = 8.3.3;
						ProvisioningStyle = Automatic;
					};
				};
			};
			buildConfigurationList = BA4287521F504E1100D1AED3 /* Build configuration list for PBXProject "Evaluacion1" */;
			compatibilityVersion = "Xcode 3.2";
			developmentRegion = English;
			hasScannedForEncodings = 0;
			knownRegions = (
				en,
			);
			mainGroup = BA42874E1F504E1100D1AED3;
			productRefGroup = BA4287581F504E1100D1AED3 /* Products */;
			projectDirPath = "";
			projectRoot = "";
			targets = (
				BA4287561F504E1100D1AED3 /* Evaluacion1 */,
			);
		};
/* End PBXProject section */

/* Begin PBXSourcesBuildPhase section */
		BA4287531F504E1100D1AED3 /* Sources */ = {
			isa = PBXSourcesBuildPhase;
			buildActionMask = 2147483647;
			files = (
				BA4287631F506B8700D1AED3 /* ScannerTest.cc in Sources */,
				BA42875B1F504E1100D1AED3 /* main.cpp in Sources */,
			);
			runOnlyForDeploymentPostprocessing = 0;
		};
/* End PBXSourcesBuildPhase section */

/* Begin XCBuildConfiguration section */
		BA42875C1F504E1100D1AED3 /* Debug */ = {
			isa = XCBuildConfiguration;
			buildSettings = {
				ALWAYS_SEARCH_USER_PATHS = NO;
				CLANG_ANALYZER_NONNULL = YES;
				CLANG_ANALYZER_NUMBER_OBJECT_CONVERSION = YES_AGGRESSIVE;
				CLANG_CXX_LANGUAGE_STANDARD = "gnu++0x";
				CLANG_CXX_LIBRARY = "libc++";
				CLANG_ENABLE_MODULES = YES;
				CLANG_ENABLE_OBJC_ARC = YES;
				CLANG_WARN_BOOL_CONVERSION = YES;
				CLANG_WARN_CONSTANT_CONVERSION = YES;
				CLANG_WARN_DIRECT_OBJC_ISA_USAGE = YES_ERROR;
				CLANG_WARN_DOCUMENTATION_COMMENTS = YES;
				CLANG_WARN_EMPTY_BODY = YES;
				CLANG_WARN_ENUM_CONVERSION = YES;
				CLANG_WARN_INFINITE_RECURSION = YES;
				CLANG_WARN_INT_CONVERSION = YES;
				CLANG_WARN_OBJC_ROOT_CLASS = YES_ERROR;
				CLANG_WARN_SUSPICIOUS_MOVE = YES;
				CLANG_WARN_UNREACHABLE_CODE = YES;
				CLANG_WARN__DUPLICATE_METHOD_MATCH = YES;
				CODE_SIGN_IDENTITY = "-";
				COPY_PHASE_STRIP = NO;
				DEBUG_INFORMATION_FORMAT = dwarf;
				ENABLE_STRICT_OBJC_MSGSEND = YES;
				ENABLE_TESTABILITY = YES;
				GCC_C_LANGUAGE_STANDARD = gnu99;
				GCC_DYNAMIC_NO_PIC = NO;
				GCC_NO_COMMON_BLOCKS = YES;
				GCC_OPTIMIZATION_LEVEL = 0;
				GCC_PREPROCESSOR_DEFINITIONS = (
					"DEBUG=1",
					"$(inherited)",
				);
				GCC_WARN_64_TO_32_BIT_CONVERSION = YES;
				GCC_WARN_ABOUT_RETURN_TYPE = YES_ERROR;
				GCC_WARN_UNDECLARED_SELECTOR = YES;
				GCC_WARN_UNINITIALIZED_AUTOS = YES_AGGRESSIVE;
				GCC_WARN_UNUSED_FUNCTION = YES;
				GCC_WARN_UNUSED_VARIABLE = YES;
				MACOSX_DEPLOYMENT_TARGET = 10.12;
				MTL_ENABLE_DEBUG_INFO = YES;
				ONLY_ACTIVE_ARCH = YES;
				SDKROOT = macosx;
			};
			name = Debug;
		};
		BA42875D1F504E1100D1AED3 /* Release */ = {
			isa = XCBuildConfiguration;
			buildSettings = {
				ALWAYS_SEARCH_USER_PATHS = NO;
				CLANG_ANALYZER_NONNULL = YES;
				CLANG_ANALYZER_NUMBER_OBJECT_CONVERSION = YES_AGGRESSIVE;
				CLANG_CXX_LANGUAGE_STANDARD = "gnu++0x";
				CLANG_CXX_LIBRARY = "libc++";
				CLANG_ENABLE_MODULES = YES;
				CLANG_ENABLE_OBJC_ARC = YES;
				CLANG_WARN_BOOL_CONVERSION = YES;
				CLANG_WARN_CONSTANT_CONVERSION = YES;
				CLANG_WARN_DIRECT_OBJC_ISA_USAGE = YES_ERROR;
				CLANG_WARN_DOCUMENTATION_COMMENTS = YES;
				CLANG_WARN_EMPTY_BODY = YES;
				CLANG_WARN_ENUM_CONVERSION = YES;
				CLANG_WARN_INFINITE_RECURSION = YES;
				CLANG_WARN_INT_CONVERSION = YES;
				CLANG_WARN_OBJC_ROOT_CLASS = YES_ERROR;
				CLANG_WARN_SUSPICIOUS_MOVE = YES;
				CLANG_WARN_UNREACHABLE_CODE = YES;
				CLANG_WARN__DUPLICATE_METHOD_MATCH = YES;
				CODE_SIGN_IDENTITY = "-";
				COPY_PHASE_STRIP = NO;
				DEBUG_INFORMATION_FORMAT = "dwarf-with-dsym";
				ENABLE_NS_ASSERTIONS = NO;
				ENABLE_STRICT_OBJC_MSGSEND = YES;
				GCC_C_LANGUAGE_STANDARD = gnu99;
				GCC_NO_COMMON_BLOCKS = YES;
				GCC_WARN_64_TO_32_BIT_CONVERSION = YES;
				GCC_WARN_ABOUT_RETURN_TYPE = YES_ERROR;
				GCC_WARN_UNDECLARED_SELECTOR = YES;
				GCC_WARN_UNINITIALIZED_AUTOS = YES_AGGRESSIVE;
				GCC_WARN_UNUSED_FUNCTION = YES;
				GCC_WARN_UNUSED_VARIABLE = YES;
				MACOSX_DEPLOYMENT_TARGET = 10.12;
				MTL_ENABLE_DEBUG_INFO = NO;
				SDKROOT = macosx;
			};
			name = Release;
		};
		BA42875F1F504E1100D1AED3 /* Debug */ = {
			isa = XCBuildConfiguration;
			buildSettings = {
				HEADER_SEARCH_PATHS = /Users/Henry/Desktop/5toITC/CalidadYPruebasDeSoftware/CalidadYPruebasDeSoftwareGit/UnitTest/googletest/googletest/include;
				LIBRARY_SEARCH_PATHS = /Users/Henry/Desktop/5toITC/CalidadYPruebasDeSoftware/CalidadYPruebasDeSoftwareGit/UnitTest;
				PRODUCT_NAME = "$(TARGET_NAME)";
			};
			name = Debug;
		};
		BA4287601F504E1100D1AED3 /* Release */ = {
			isa = XCBuildConfiguration;
			buildSettings = {
				HEADER_SEARCH_PATHS = /Users/Henry/Desktop/5toITC/CalidadYPruebasDeSoftware/CalidadYPruebasDeSoftwareGit/UnitTest/googletest/googletest/include;
				LIBRARY_SEARCH_PATHS = /Users/Henry/Desktop/5toITC/CalidadYPruebasDeSoftware/CalidadYPruebasDeSoftwareGit/UnitTest;
				PRODUCT_NAME = "$(TARGET_NAME)";
			};
			name = Release;
		};
/* End XCBuildConfiguration section */

/* Begin XCConfigurationList section */
		BA4287521F504E1100D1AED3 /* Build configuration list for PBXProject "Evaluacion1" */ = {
			isa = XCConfigurationList;
			buildConfigurations = (
				BA42875C1F504E1100D1AED3 /* Debug */,
				BA42875D1F504E1100D1AED3 /* Release */,
			);
			defaultConfigurationIsVisible = 0;
			defaultConfigurationName = Release;
		};
		BA42875E1F504E1100D1AED3 /* Build configuration list for PBXNativeTarget "Evaluacion1" */ = {
			isa = XCConfigurationList;
			buildConfigurations = (
				BA42875F1F504E1100D1AED3 /* Debug */,
				BA4287601F504E1100D1AED3 /* Release */,
			);
			defaultConfigurationIsVisible = 0;
		};
/* End XCConfigurationList section */
	};
	rootObject = BA42874F1F504E1100D1AED3 /* Project object */;
}
